// !$*UTF8*$!
{
	archiveVersion = 1;
	classes = {
	};
	objectVersion = 77;
	objects = {

/* Begin PBXBuildFile section */
		02F9100AF71ADE3CD876B456 /* SunsetHueTimelineProvider.swift in Sources */ = {isa = PBXBuildFile; fileRef = 67C12B301705DF5F9C2FF464 /* SunsetHueTimelineProvider.swift */; };
		064B2DCAE6E6F4B75547B4C1 /* WidgetContentResolver.swift in Sources */ = {isa = PBXBuildFile; fileRef = AF21FADF4DCF6AB50896A591 /* WidgetContentResolver.swift */; };
		0A1CB0233EC3BBF92A487889 /* SunsetHueApp.swift in Sources */ = {isa = PBXBuildFile; fileRef = BC72BF1D99B03BFCD34DADF4 /* SunsetHueApp.swift */; };
		1B4D2F25D5C3E6A91C7ADE38 /* LocationEditorView.swift in Sources */ = {isa = PBXBuildFile; fileRef = 7E2F70E352C3327A75F1E97A /* LocationEditorView.swift */; };
		247BCFAF14F0E4BEDA632426 /* TimeZonePickerView.swift in Sources */ = {isa = PBXBuildFile; fileRef = 3D08068459C128ADC9F6ADBD /* TimeZonePickerView.swift */; };
		2480618CA768F49DF5E41F24 /* UpdateChecker.swift in Sources */ = {isa = PBXBuildFile; fileRef = B8D2F534FE4110E00ACE57A2 /* UpdateChecker.swift */; };
		296DAD914126AD9AFE392A32 /* WidgetPreviews.swift in Sources */ = {isa = PBXBuildFile; fileRef = B9D22300345B1F259F9C11B6 /* WidgetPreviews.swift */; };
		2B2BF8EA9D070C60DC34EB82 /* LargeWidgetView.swift in Sources */ = {isa = PBXBuildFile; fileRef = E6700903F2CB621C40E4D34E /* LargeWidgetView.swift */; };
		3067046961D2568378EDD472 /* SunsetHueWidget.appex in Embed Foundation Extensions */ = {isa = PBXBuildFile; fileRef = 4CE1D8B70204B8780F49EC2E /* SunsetHueWidget.appex */; settings = {ATTRIBUTES = (RemoveHeadersOnCopy, ); }; };
		395D836C9DC4D07BEC2F8DB1 /* SunsetHueChrome.swift in Sources */ = {isa = PBXBuildFile; fileRef = 97E023A65702AE0C61B58802 /* SunsetHueChrome.swift */; };
		5336986B8A89F01FB8BDB688 /* SunsetHueChrome.swift in Sources */ = {isa = PBXBuildFile; fileRef = 97E023A65702AE0C61B58802 /* SunsetHueChrome.swift */; };
		5C2CC0A0396760B042C255F2 /* LocationSidebar.swift in Sources */ = {isa = PBXBuildFile; fileRef = 5D56605CC77B37096F15E578 /* LocationSidebar.swift */; };
		64326D0EF99DD0063740FDD0 /* AppModel.swift in Sources */ = {isa = PBXBuildFile; fileRef = D0E47FB8CA49606C63177352 /* AppModel.swift */; };
		65A18F0491BE4BC367937ED4 /* SunsetHueCore in Frameworks */ = {isa = PBXBuildFile; productRef = C6D5D9CD20835ED55C167C4F /* SunsetHueCore */; };
		71706DAA826070ED0DF6593C /* SunsetHueMenuBarLabel.swift in Sources */ = {isa = PBXBuildFile; fileRef = B05BE5412189E5CDC221A918 /* SunsetHueMenuBarLabel.swift */; };
		75589202BA50FD80C120B018 /* WidgetConfigurationIntent.swift in Sources */ = {isa = PBXBuildFile; fileRef = 6BAA6CE9E5C03CBEBD504865 /* WidgetConfigurationIntent.swift */; };
		79B4E0A2E8A26D6639D01E86 /* Assets.xcassets in Resources */ = {isa = PBXBuildFile; fileRef = 6B332A47F6075706699D2319 /* Assets.xcassets */; };
		7E5339840B8701A5F1D27A38 /* MediumWidgetView.swift in Sources */ = {isa = PBXBuildFile; fileRef = F63CEC95B181053114E74BDD /* MediumWidgetView.swift */; };
		89F0FC6B0B8305C219276E85 /* MagicHourView.swift in Sources */ = {isa = PBXBuildFile; fileRef = 57E6CF1FEBAABC1AE779F4FB /* MagicHourView.swift */; };
		95A6A7774257F0304A7F9724 /* SunsetHueMenuBarPopoverView.swift in Sources */ = {isa = PBXBuildFile; fileRef = 1D1412EABAAA25D554A26E5E /* SunsetHueMenuBarPopoverView.swift */; };
		98048E701C6D8E9ECDD633C0 /* WidgetReload.swift in Sources */ = {isa = PBXBuildFile; fileRef = 5207436A66ED58E20A6D1608 /* WidgetReload.swift */; };
		99848B731CAC49280442E749 /* StatusBadge.swift in Sources */ = {isa = PBXBuildFile; fileRef = 53E6C46F45264B94A96CD9CF /* StatusBadge.swift */; };
		9C41AE0555910B68D92D167B /* WidgetQualityStyle.swift in Sources */ = {isa = PBXBuildFile; fileRef = 38442C912123A2335362D2E0 /* WidgetQualityStyle.swift */; };
		9F7F81552B5DE4A5253287C1 /* MenuBarLabelController.swift in Sources */ = {isa = PBXBuildFile; fileRef = 3225962C6B4252EE8627BD7D /* MenuBarLabelController.swift */; };
		A3A624AD8D1A84967B8A36A1 /* BackgroundRefreshController.swift in Sources */ = {isa = PBXBuildFile; fileRef = 8A04DB7AFED53EBC4392799A /* BackgroundRefreshController.swift */; };
		A8A740A25CBC3F652B82E3FE /* SunsetHueCore in Frameworks */ = {isa = PBXBuildFile; productRef = 10C60963C95E03499F710C0F /* SunsetHueCore */; };
		AC2F64697B2B89BD9EEB8DFD /* SmallWidgetView.swift in Sources */ = {isa = PBXBuildFile; fileRef = 6E629B2E09646540AE921E9F /* SmallWidgetView.swift */; };
		ADCB7E7B166DD43B3D833DB8 /* MenuBarPreferencesStore.swift in Sources */ = {isa = PBXBuildFile; fileRef = 5DF337E7893C9D89A81F601B /* MenuBarPreferencesStore.swift */; };
		B39AB9D3877008E471EBAF00 /* GeographicTimeZoneResolver.swift in Sources */ = {isa = PBXBuildFile; fileRef = FA4175495A9FB2BBDDDEF772 /* GeographicTimeZoneResolver.swift */; };
		BC6170B3F5AD86C10BCEF375 /* WidgetHeader.swift in Sources */ = {isa = PBXBuildFile; fileRef = 931F3AFDF3EA3535748ACE14 /* WidgetHeader.swift */; };
		BCD565C52FFC5DAF4E8CB638 /* ForecastNotificationCoordinator.swift in Sources */ = {isa = PBXBuildFile; fileRef = 04980EAB32355FA4CF4A11E2 /* ForecastNotificationCoordinator.swift */; };
		C28174242C887CCC6E91214E /* ContentView.swift in Sources */ = {isa = PBXBuildFile; fileRef = CF606C82CB6B4B3EAACE9A10 /* ContentView.swift */; };
		CD64BEC7AE1C416216553FBB /* QualityStyle.swift in Sources */ = {isa = PBXBuildFile; fileRef = EE55E7E5BEEB77FA7FFBC113 /* QualityStyle.swift */; };
		D071D4A50B1BFFD41207B9FF /* NotificationPreferencesStore.swift in Sources */ = {isa = PBXBuildFile; fileRef = E97BAB534D9CBD19D9013F3A /* NotificationPreferencesStore.swift */; };
		D3D34B38F48C17EE6DAB1DC2 /* SystemNotificationCenterClient.swift in Sources */ = {isa = PBXBuildFile; fileRef = 8045DDDE6A12B40F1AC9BA50 /* SystemNotificationCenterClient.swift */; };
		D8422B6632667B54B255A489 /* QualityStyle.swift in Sources */ = {isa = PBXBuildFile; fileRef = EE55E7E5BEEB77FA7FFBC113 /* QualityStyle.swift */; };
		DA11E511FE5B36B9394DA5D8 /* ForecastDetailView.swift in Sources */ = {isa = PBXBuildFile; fileRef = 9B24AF6C4ABEA1F1CCF7288D /* ForecastDetailView.swift */; };
		DECC18151C1D68C211B4D00D /* LaunchAtLoginController.swift in Sources */ = {isa = PBXBuildFile; fileRef = DA9B0AB6AEFEF21973164E8C /* LaunchAtLoginController.swift */; };
		E1417E3A82ABEFD585F96984 /* SunsetHueWidget.swift in Sources */ = {isa = PBXBuildFile; fileRef = 586CC032CBDAC8BEC8055BC1 /* SunsetHueWidget.swift */; };
		E1A6AC8A35552FAFBB000CA0 /* SunsetHueWidgetBundle.swift in Sources */ = {isa = PBXBuildFile; fileRef = 1F15A0B4177B5E2ACBA8F2A6 /* SunsetHueWidgetBundle.swift */; };
		E1C33DE842D4C25E8EBBFF9F /* AppForecastRefreshSideEffects.swift in Sources */ = {isa = PBXBuildFile; fileRef = 8051B4B0E6F7A18923DE1352 /* AppForecastRefreshSideEffects.swift */; };
		EF55606A01BF78E097F6FA34 /* PlaceSearchController.swift in Sources */ = {isa = PBXBuildFile; fileRef = D5C5FB10603207A48BC07A33 /* PlaceSearchController.swift */; };
		EFA457B127CCCC8D5732CC41 /* SunsetHueSettingsView.swift in Sources */ = {isa = PBXBuildFile; fileRef = D7FBF934904433F9CC294FE7 /* SunsetHueSettingsView.swift */; };
		F1B0A865C7F393A4E0D9B4A7 /* AppDelegate.swift in Sources */ = {isa = PBXBuildFile; fileRef = 65E370BFF1D15AFFF837FAF8 /* AppDelegate.swift */; };
		F82D9B868CF62CFE97E46A2C /* StatusBadge.swift in Sources */ = {isa = PBXBuildFile; fileRef = 53E6C46F45264B94A96CD9CF /* StatusBadge.swift */; };
		F8A6E2CC960C41BBACF58F9D /* AppPresentationModeController.swift in Sources */ = {isa = PBXBuildFile; fileRef = 2B701D53F9273AD2AA3B8250 /* AppPresentationModeController.swift */; };
/* End PBXBuildFile section */

/* Begin PBXContainerItemProxy section */
		098B1C678532C46862B90A33 /* PBXContainerItemProxy */ = {
			isa = PBXContainerItemProxy;
			containerPortal = 1BC9B33DE54F914794C56DC6 /* Project object */;
			proxyType = 1;
			remoteGlobalIDString = 71E878F9181E8732800ADDC4;
			remoteInfo = SunsetHueWidget;
		};
/* End PBXContainerItemProxy section */

/* Begin PBXCopyFilesBuildPhase section */
		3D2689B8AB9534D3B075F1F1 /* Embed Foundation Extensions */ = {
			isa = PBXCopyFilesBuildPhase;
			buildActionMask = 2147483647;
			dstPath = "";
			dstSubfolderSpec = 13;
			files = (
				3067046961D2568378EDD472 /* SunsetHueWidget.appex in Embed Foundation Extensions */,
			);
			name = "Embed Foundation Extensions";
			runOnlyForDeploymentPostprocessing = 0;
		};
/* End PBXCopyFilesBuildPhase section */

/* Begin PBXFileReference section */
		04980EAB32355FA4CF4A11E2 /* ForecastNotificationCoordinator.swift */ = {isa = PBXFileReference; lastKnownFileType = sourcecode.swift; path = ForecastNotificationCoordinator.swift; sourceTree = "<group>"; };
		1D1412EABAAA25D554A26E5E /* SunsetHueMenuBarPopoverView.swift */ = {isa = PBXFileReference; lastKnownFileType = sourcecode.swift; path = SunsetHueMenuBarPopoverView.swift; sourceTree = "<group>"; };
		1F15A0B4177B5E2ACBA8F2A6 /* SunsetHueWidgetBundle.swift */ = {isa = PBXFileReference; lastKnownFileType = sourcecode.swift; path = SunsetHueWidgetBundle.swift; sourceTree = "<group>"; };
		2B701D53F9273AD2AA3B8250 /* AppPresentationModeController.swift */ = {isa = PBXFileReference; lastKnownFileType = sourcecode.swift; path = AppPresentationModeController.swift; sourceTree = "<group>"; };
		3225962C6B4252EE8627BD7D /* MenuBarLabelController.swift */ = {isa = PBXFileReference; lastKnownFileType = sourcecode.swift; path = MenuBarLabelController.swift; sourceTree = "<group>"; };
		38442C912123A2335362D2E0 /* WidgetQualityStyle.swift */ = {isa = PBXFileReference; lastKnownFileType = sourcecode.swift; path = WidgetQualityStyle.swift; sourceTree = "<group>"; };
		3BBF4EDCF2CD3B7B764727DB /* Info.plist */ = {isa = PBXFileReference; lastKnownFileType = text.plist; path = Info.plist; sourceTree = "<group>"; };
		3D08068459C128ADC9F6ADBD /* TimeZonePickerView.swift */ = {isa = PBXFileReference; lastKnownFileType = sourcecode.swift; path = TimeZonePickerView.swift; sourceTree = "<group>"; };
		4815E36D2032FEDBEE28245D /* Info.plist */ = {isa = PBXFileReference; lastKnownFileType = text.plist; path = Info.plist; sourceTree = "<group>"; };
		4CE1D8B70204B8780F49EC2E /* SunsetHueWidget.appex */ = {isa = PBXFileReference; explicitFileType = "wrapper.app-extension"; includeInIndex = 0; path = SunsetHueWidget.appex; sourceTree = BUILT_PRODUCTS_DIR; };
		5207436A66ED58E20A6D1608 /* WidgetReload.swift */ = {isa = PBXFileReference; lastKnownFileType = sourcecode.swift; path = WidgetReload.swift; sourceTree = "<group>"; };
		53E6C46F45264B94A96CD9CF /* StatusBadge.swift */ = {isa = PBXFileReference; lastKnownFileType = sourcecode.swift; path = StatusBadge.swift; sourceTree = "<group>"; };
		57E6CF1FEBAABC1AE779F4FB /* MagicHourView.swift */ = {isa = PBXFileReference; lastKnownFileType = sourcecode.swift; path = MagicHourView.swift; sourceTree = "<group>"; };
		586CC032CBDAC8BEC8055BC1 /* SunsetHueWidget.swift */ = {isa = PBXFileReference; lastKnownFileType = sourcecode.swift; path = SunsetHueWidget.swift; sourceTree = "<group>"; };
		5D56605CC77B37096F15E578 /* LocationSidebar.swift */ = {isa = PBXFileReference; lastKnownFileType = sourcecode.swift; path = LocationSidebar.swift; sourceTree = "<group>"; };
		5DF337E7893C9D89A81F601B /* MenuBarPreferencesStore.swift */ = {isa = PBXFileReference; lastKnownFileType = sourcecode.swift; path = MenuBarPreferencesStore.swift; sourceTree = "<group>"; };
		65E370BFF1D15AFFF837FAF8 /* AppDelegate.swift */ = {isa = PBXFileReference; lastKnownFileType = sourcecode.swift; path = AppDelegate.swift; sourceTree = "<group>"; };
		65EEC050761A055B392397E8 /* Debug.xcconfig */ = {isa = PBXFileReference; lastKnownFileType = text.xcconfig; path = Debug.xcconfig; sourceTree = "<group>"; };
		67C12B301705DF5F9C2FF464 /* SunsetHueTimelineProvider.swift */ = {isa = PBXFileReference; lastKnownFileType = sourcecode.swift; path = SunsetHueTimelineProvider.swift; sourceTree = "<group>"; };
		6A5C197A40BFDD7EBC1F8EB7 /* SunsetHue.app */ = {isa = PBXFileReference; explicitFileType = wrapper.application; includeInIndex = 0; path = SunsetHue.app; sourceTree = BUILT_PRODUCTS_DIR; };
		6B332A47F6075706699D2319 /* Assets.xcassets */ = {isa = PBXFileReference; lastKnownFileType = folder.assetcatalog; path = Assets.xcassets; sourceTree = "<group>"; };
		6BAA6CE9E5C03CBEBD504865 /* WidgetConfigurationIntent.swift */ = {isa = PBXFileReference; lastKnownFileType = sourcecode.swift; path = WidgetConfigurationIntent.swift; sourceTree = "<group>"; };
		6E629B2E09646540AE921E9F /* SmallWidgetView.swift */ = {isa = PBXFileReference; lastKnownFileType = sourcecode.swift; path = SmallWidgetView.swift; sourceTree = "<group>"; };
		791123633E8EB0E3998A29AD /* sunsethue-macos */ = {isa = PBXFileReference; lastKnownFileType = folder; name = "sunsethue-macos"; path = .; sourceTree = SOURCE_ROOT; };
		7E2F70E352C3327A75F1E97A /* LocationEditorView.swift */ = {isa = PBXFileReference; lastKnownFileType = sourcecode.swift; path = LocationEditorView.swift; sourceTree = "<group>"; };
		8045DDDE6A12B40F1AC9BA50 /* SystemNotificationCenterClient.swift */ = {isa = PBXFileReference; lastKnownFileType = sourcecode.swift; path = SystemNotificationCenterClient.swift; sourceTree = "<group>"; };
		8051B4B0E6F7A18923DE1352 /* AppForecastRefreshSideEffects.swift */ = {isa = PBXFileReference; lastKnownFileType = sourcecode.swift; path = AppForecastRefreshSideEffects.swift; sourceTree = "<group>"; };
		8A04DB7AFED53EBC4392799A /* BackgroundRefreshController.swift */ = {isa = PBXFileReference; lastKnownFileType = sourcecode.swift; path = BackgroundRefreshController.swift; sourceTree = "<group>"; };
		931F3AFDF3EA3535748ACE14 /* WidgetHeader.swift */ = {isa = PBXFileReference; lastKnownFileType = sourcecode.swift; path = WidgetHeader.swift; sourceTree = "<group>"; };
		97E023A65702AE0C61B58802 /* SunsetHueChrome.swift */ = {isa = PBXFileReference; lastKnownFileType = sourcecode.swift; path = SunsetHueChrome.swift; sourceTree = "<group>"; };
		9B24AF6C4ABEA1F1CCF7288D /* ForecastDetailView.swift */ = {isa = PBXFileReference; lastKnownFileType = sourcecode.swift; path = ForecastDetailView.swift; sourceTree = "<group>"; };
		AF21FADF4DCF6AB50896A591 /* WidgetContentResolver.swift */ = {isa = PBXFileReference; lastKnownFileType = sourcecode.swift; path = WidgetContentResolver.swift; sourceTree = "<group>"; };
		B05BE5412189E5CDC221A918 /* SunsetHueMenuBarLabel.swift */ = {isa = PBXFileReference; lastKnownFileType = sourcecode.swift; path = SunsetHueMenuBarLabel.swift; sourceTree = "<group>"; };
		B8D2F534FE4110E00ACE57A2 /* UpdateChecker.swift */ = {isa = PBXFileReference; lastKnownFileType = sourcecode.swift; path = UpdateChecker.swift; sourceTree = "<group>"; };
		B9D22300345B1F259F9C11B6 /* WidgetPreviews.swift */ = {isa = PBXFileReference; lastKnownFileType = sourcecode.swift; path = WidgetPreviews.swift; sourceTree = "<group>"; };
		BC72BF1D99B03BFCD34DADF4 /* SunsetHueApp.swift */ = {isa = PBXFileReference; lastKnownFileType = sourcecode.swift; path = SunsetHueApp.swift; sourceTree = "<group>"; };
		CF606C82CB6B4B3EAACE9A10 /* ContentView.swift */ = {isa = PBXFileReference; lastKnownFileType = sourcecode.swift; path = ContentView.swift; sourceTree = "<group>"; };
		D0E47FB8CA49606C63177352 /* AppModel.swift */ = {isa = PBXFileReference; lastKnownFileType = sourcecode.swift; path = AppModel.swift; sourceTree = "<group>"; };
		D5C5FB10603207A48BC07A33 /* PlaceSearchController.swift */ = {isa = PBXFileReference; lastKnownFileType = sourcecode.swift; path = PlaceSearchController.swift; sourceTree = "<group>"; };
		D7FBF934904433F9CC294FE7 /* SunsetHueSettingsView.swift */ = {isa = PBXFileReference; lastKnownFileType = sourcecode.swift; path = SunsetHueSettingsView.swift; sourceTree = "<group>"; };
		DA9B0AB6AEFEF21973164E8C /* LaunchAtLoginController.swift */ = {isa = PBXFileReference; lastKnownFileType = sourcecode.swift; path = LaunchAtLoginController.swift; sourceTree = "<group>"; };
		E6700903F2CB621C40E4D34E /* LargeWidgetView.swift */ = {isa = PBXFileReference; lastKnownFileType = sourcecode.swift; path = LargeWidgetView.swift; sourceTree = "<group>"; };
		E97BAB534D9CBD19D9013F3A /* NotificationPreferencesStore.swift */ = {isa = PBXFileReference; lastKnownFileType = sourcecode.swift; path = NotificationPreferencesStore.swift; sourceTree = "<group>"; };
		EE55E7E5BEEB77FA7FFBC113 /* QualityStyle.swift */ = {isa = PBXFileReference; lastKnownFileType = sourcecode.swift; path = QualityStyle.swift; sourceTree = "<group>"; };
		F63CEC95B181053114E74BDD /* MediumWidgetView.swift */ = {isa = PBXFileReference; lastKnownFileType = sourcecode.swift; path = MediumWidgetView.swift; sourceTree = "<group>"; };
		FA4175495A9FB2BBDDDEF772 /* GeographicTimeZoneResolver.swift */ = {isa = PBXFileReference; lastKnownFileType = sourcecode.swift; path = GeographicTimeZoneResolver.swift; sourceTree = "<group>"; };
		FD82936D5A90D80B5FE26803 /* Release.xcconfig */ = {isa = PBXFileReference; lastKnownFileType = text.xcconfig; path = Release.xcconfig; sourceTree = "<group>"; };
/* End PBXFileReference section */

/* Begin PBXFrameworksBuildPhase section */
		04A2A11208347A999ED10390 /* Frameworks */ = {
			isa = PBXFrameworksBuildPhase;
			buildActionMask = 2147483647;
			files = (
				65A18F0491BE4BC367937ED4 /* SunsetHueCore in Frameworks */,
			);
			runOnlyForDeploymentPostprocessing = 0;
		};
		DE18FFB618BAEC3FDC8742CA /* Frameworks */ = {
			isa = PBXFrameworksBuildPhase;
			buildActionMask = 2147483647;
			files = (
				A8A740A25CBC3F652B82E3FE /* SunsetHueCore in Frameworks */,
			);
			runOnlyForDeploymentPostprocessing = 0;
		};
/* End PBXFrameworksBuildPhase section */

/* Begin PBXGroup section */
		020006DBEE54E0A8D988FC06 /* Products */ = {
			isa = PBXGroup;
			children = (
				6A5C197A40BFDD7EBC1F8EB7 /* SunsetHue.app */,
				4CE1D8B70204B8780F49EC2E /* SunsetHueWidget.appex */,
			);
			name = Products;
			sourceTree = "<group>";
		};
		4B2F3D72A3CC6A6B17783B27 /* SunsetHueWidget */ = {
			isa = PBXGroup;
			children = (
				3BBF4EDCF2CD3B7B764727DB /* Info.plist */,
				E6700903F2CB621C40E4D34E /* LargeWidgetView.swift */,
				57E6CF1FEBAABC1AE779F4FB /* MagicHourView.swift */,
				F63CEC95B181053114E74BDD /* MediumWidgetView.swift */,
				6E629B2E09646540AE921E9F /* SmallWidgetView.swift */,
				67C12B301705DF5F9C2FF464 /* SunsetHueTimelineProvider.swift */,
				586CC032CBDAC8BEC8055BC1 /* SunsetHueWidget.swift */,
				1F15A0B4177B5E2ACBA8F2A6 /* SunsetHueWidgetBundle.swift */,
				6BAA6CE9E5C03CBEBD504865 /* WidgetConfigurationIntent.swift */,
				AF21FADF4DCF6AB50896A591 /* WidgetContentResolver.swift */,
				931F3AFDF3EA3535748ACE14 /* WidgetHeader.swift */,
				B9D22300345B1F259F9C11B6 /* WidgetPreviews.swift */,
				38442C912123A2335362D2E0 /* WidgetQualityStyle.swift */,
			);
			path = SunsetHueWidget;
			sourceTree = "<group>";
		};
		56011362336AC6C37C0043D2 /* Config */ = {
			isa = PBXGroup;
			children = (
				65EEC050761A055B392397E8 /* Debug.xcconfig */,
				FD82936D5A90D80B5FE26803 /* Release.xcconfig */,
			);
			path = Config;
			sourceTree = "<group>";
		};
		591CF2992BCFE045AA06FB2A /* Settings */ = {
			isa = PBXGroup;
			children = (
				D7FBF934904433F9CC294FE7 /* SunsetHueSettingsView.swift */,
			);
			path = Settings;
			sourceTree = "<group>";
		};
		8106FC7B764E7D300ADD86A7 /* SharedUI */ = {
			isa = PBXGroup;
			children = (
				EE55E7E5BEEB77FA7FFBC113 /* QualityStyle.swift */,
				53E6C46F45264B94A96CD9CF /* StatusBadge.swift */,
				97E023A65702AE0C61B58802 /* SunsetHueChrome.swift */,
			);
			path = SharedUI;
			sourceTree = "<group>";
		};
		B1C67AA26FCE2E69A0A65D0C = {
			isa = PBXGroup;
			children = (
				56011362336AC6C37C0043D2 /* Config */,
				DE21F0EF1345CB2385EF6BAE /* Packages */,
				8106FC7B764E7D300ADD86A7 /* SharedUI */,
				CAD021CDFBD51FC2BF073641 /* SunsetHue */,
				4B2F3D72A3CC6A6B17783B27 /* SunsetHueWidget */,
				020006DBEE54E0A8D988FC06 /* Products */,
			);
			sourceTree = "<group>";
		};
		C2FF86839DC7619CADB6E237 /* Notifications */ = {
			isa = PBXGroup;
			children = (
				8051B4B0E6F7A18923DE1352 /* AppForecastRefreshSideEffects.swift */,
				04980EAB32355FA4CF4A11E2 /* ForecastNotificationCoordinator.swift */,
				E97BAB534D9CBD19D9013F3A /* NotificationPreferencesStore.swift */,
				8045DDDE6A12B40F1AC9BA50 /* SystemNotificationCenterClient.swift */,
			);
			path = Notifications;
			sourceTree = "<group>";
		};
		CAD021CDFBD51FC2BF073641 /* SunsetHue */ = {
			isa = PBXGroup;
			children = (
				C2FF86839DC7619CADB6E237 /* Notifications */,
				591CF2992BCFE045AA06FB2A /* Settings */,
				65E370BFF1D15AFFF837FAF8 /* AppDelegate.swift */,
				D0E47FB8CA49606C63177352 /* AppModel.swift */,
				2B701D53F9273AD2AA3B8250 /* AppPresentationModeController.swift */,
				6B332A47F6075706699D2319 /* Assets.xcassets */,
				8A04DB7AFED53EBC4392799A /* BackgroundRefreshController.swift */,
				CF606C82CB6B4B3EAACE9A10 /* ContentView.swift */,
				9B24AF6C4ABEA1F1CCF7288D /* ForecastDetailView.swift */,
				FA4175495A9FB2BBDDDEF772 /* GeographicTimeZoneResolver.swift */,
				4815E36D2032FEDBEE28245D /* Info.plist */,
				DA9B0AB6AEFEF21973164E8C /* LaunchAtLoginController.swift */,
				7E2F70E352C3327A75F1E97A /* LocationEditorView.swift */,
				5D56605CC77B37096F15E578 /* LocationSidebar.swift */,
				3225962C6B4252EE8627BD7D /* MenuBarLabelController.swift */,
				5DF337E7893C9D89A81F601B /* MenuBarPreferencesStore.swift */,
				D5C5FB10603207A48BC07A33 /* PlaceSearchController.swift */,
				BC72BF1D99B03BFCD34DADF4 /* SunsetHueApp.swift */,
				B05BE5412189E5CDC221A918 /* SunsetHueMenuBarLabel.swift */,
				1D1412EABAAA25D554A26E5E /* SunsetHueMenuBarPopoverView.swift */,
				3D08068459C128ADC9F6ADBD /* TimeZonePickerView.swift */,
				B8D2F534FE4110E00ACE57A2 /* UpdateChecker.swift */,
				5207436A66ED58E20A6D1608 /* WidgetReload.swift */,
			);
			path = SunsetHue;
			sourceTree = "<group>";
		};
		DE21F0EF1345CB2385EF6BAE /* Packages */ = {
			isa = PBXGroup;
			children = (
				791123633E8EB0E3998A29AD /* sunsethue-macos */,
			);
			name = Packages;
			sourceTree = "<group>";
		};
/* End PBXGroup section */

/* Begin PBXNativeTarget section */
		248EFCAD45BF9DE6CD079E12 /* SunsetHue */ = {
			isa = PBXNativeTarget;
			buildConfigurationList = 5F1A9136C8596285EC20577A /* Build configuration list for PBXNativeTarget "SunsetHue" */;
			buildPhases = (
				FA9F4AA26EA89BD64374B82B /* Sources */,
				465DDD2FE499994E1311DE6D /* Resources */,
				04A2A11208347A999ED10390 /* Frameworks */,
				3D2689B8AB9534D3B075F1F1 /* Embed Foundation Extensions */,
			);
			buildRules = (
			);
			dependencies = (
				3631A87CE1DD620055B3217E /* PBXTargetDependency */,
			);
			name = SunsetHue;
			packageProductDependencies = (
				C6D5D9CD20835ED55C167C4F /* SunsetHueCore */,
			);
			productName = SunsetHue;
			productReference = 6A5C197A40BFDD7EBC1F8EB7 /* SunsetHue.app */;
			productType = "com.apple.product-type.application";
		};
		71E878F9181E8732800ADDC4 /* SunsetHueWidget */ = {
			isa = PBXNativeTarget;
			buildConfigurationList = 63F35C0A44D1CC2495AEF4AA /* Build configuration list for PBXNativeTarget "SunsetHueWidget" */;
			buildPhases = (
				10D121D2784A274654C754F5 /* Sources */,
				DE18FFB618BAEC3FDC8742CA /* Frameworks */,
			);
			buildRules = (
			);
			dependencies = (
			);
			name = SunsetHueWidget;
			packageProductDependencies = (
				10C60963C95E03499F710C0F /* SunsetHueCore */,
			);
			productName = SunsetHueWidget;
			productReference = 4CE1D8B70204B8780F49EC2E /* SunsetHueWidget.appex */;
			productType = "com.apple.product-type.app-extension";
		};
/* End PBXNativeTarget section */

/* Begin PBXProject section */
		1BC9B33DE54F914794C56DC6 /* Project object */ = {
			isa = PBXProject;
			attributes = {
				BuildIndependentTargetsInParallel = YES;
				LastUpgradeCheck = 1430;
				TargetAttributes = {
					248EFCAD45BF9DE6CD079E12 = {
						DevelopmentTeam = "";
						ProvisioningStyle = Automatic;
					};
					71E878F9181E8732800ADDC4 = {
						DevelopmentTeam = "";
						ProvisioningStyle = Automatic;
					};
				};
			};
			buildConfigurationList = 5F54144A642390AD7F6888F2 /* Build configuration list for PBXProject "SunsetHue" */;
			developmentRegion = en;
			hasScannedForEncodings = 0;
			knownRegions = (
				Base,
				en,
			);
			mainGroup = B1C67AA26FCE2E69A0A65D0C;
			minimizedProjectReferenceProxies = 1;
			packageReferences = (
				7201DA891F430BC64CE1F96A /* XCLocalSwiftPackageReference "." */,
			);
			preferredProjectObjectVersion = 77;
			productRefGroup = 020006DBEE54E0A8D988FC06 /* Products */;
			projectDirPath = "";
			projectRoot = "";
			targets = (
				248EFCAD45BF9DE6CD079E12 /* SunsetHue */,
				71E878F9181E8732800ADDC4 /* SunsetHueWidget */,
			);
		};
/* End PBXProject section */

/* Begin PBXResourcesBuildPhase section */
		465DDD2FE499994E1311DE6D /* Resources */ = {
			isa = PBXResourcesBuildPhase;
			buildActionMask = 2147483647;
			files = (
				79B4E0A2E8A26D6639D01E86 /* Assets.xcassets in Resources */,
			);
			runOnlyForDeploymentPostprocessing = 0;
		};
/* End PBXResourcesBuildPhase section */

/* Begin PBXSourcesBuildPhase section */
		10D121D2784A274654C754F5 /* Sources */ = {
			isa = PBXSourcesBuildPhase;
			buildActionMask = 2147483647;
			files = (
				2B2BF8EA9D070C60DC34EB82 /* LargeWidgetView.swift in Sources */,
				89F0FC6B0B8305C219276E85 /* MagicHourView.swift in Sources */,
				7E5339840B8701A5F1D27A38 /* MediumWidgetView.swift in Sources */,
				D8422B6632667B54B255A489 /* QualityStyle.swift in Sources */,
				AC2F64697B2B89BD9EEB8DFD /* SmallWidgetView.swift in Sources */,
				99848B731CAC49280442E749 /* StatusBadge.swift in Sources */,
				395D836C9DC4D07BEC2F8DB1 /* SunsetHueChrome.swift in Sources */,
				02F9100AF71ADE3CD876B456 /* SunsetHueTimelineProvider.swift in Sources */,
				E1417E3A82ABEFD585F96984 /* SunsetHueWidget.swift in Sources */,
				E1A6AC8A35552FAFBB000CA0 /* SunsetHueWidgetBundle.swift in Sources */,
				75589202BA50FD80C120B018 /* WidgetConfigurationIntent.swift in Sources */,
				064B2DCAE6E6F4B75547B4C1 /* WidgetContentResolver.swift in Sources */,
				BC6170B3F5AD86C10BCEF375 /* WidgetHeader.swift in Sources */,
				296DAD914126AD9AFE392A32 /* WidgetPreviews.swift in Sources */,
				9C41AE0555910B68D92D167B /* WidgetQualityStyle.swift in Sources */,
			);
			runOnlyForDeploymentPostprocessing = 0;
		};
		FA9F4AA26EA89BD64374B82B /* Sources */ = {
			isa = PBXSourcesBuildPhase;
			buildActionMask = 2147483647;
			files = (
				F1B0A865C7F393A4E0D9B4A7 /* AppDelegate.swift in Sources */,
				E1C33DE842D4C25E8EBBFF9F /* AppForecastRefreshSideEffects.swift in Sources */,
				64326D0EF99DD0063740FDD0 /* AppModel.swift in Sources */,
				F8A6E2CC960C41BBACF58F9D /* AppPresentationModeController.swift in Sources */,
				A3A624AD8D1A84967B8A36A1 /* BackgroundRefreshController.swift in Sources */,
				C28174242C887CCC6E91214E /* ContentView.swift in Sources */,
				DA11E511FE5B36B9394DA5D8 /* ForecastDetailView.swift in Sources */,
				BCD565C52FFC5DAF4E8CB638 /* ForecastNotificationCoordinator.swift in Sources */,
				B39AB9D3877008E471EBAF00 /* GeographicTimeZoneResolver.swift in Sources */,
				DECC18151C1D68C211B4D00D /* LaunchAtLoginController.swift in Sources */,
				1B4D2F25D5C3E6A91C7ADE38 /* LocationEditorView.swift in Sources */,
				5C2CC0A0396760B042C255F2 /* LocationSidebar.swift in Sources */,
				9F7F81552B5DE4A5253287C1 /* MenuBarLabelController.swift in Sources */,
				ADCB7E7B166DD43B3D833DB8 /* MenuBarPreferencesStore.swift in Sources */,
				D071D4A50B1BFFD41207B9FF /* NotificationPreferencesStore.swift in Sources */,
				EF55606A01BF78E097F6FA34 /* PlaceSearchController.swift in Sources */,
				CD64BEC7AE1C416216553FBB /* QualityStyle.swift in Sources */,
				F82D9B868CF62CFE97E46A2C /* StatusBadge.swift in Sources */,
				0A1CB0233EC3BBF92A487889 /* SunsetHueApp.swift in Sources */,
				5336986B8A89F01FB8BDB688 /* SunsetHueChrome.swift in Sources */,
				71706DAA826070ED0DF6593C /* SunsetHueMenuBarLabel.swift in Sources */,
				95A6A7774257F0304A7F9724 /* SunsetHueMenuBarPopoverView.swift in Sources */,
				EFA457B127CCCC8D5732CC41 /* SunsetHueSettingsView.swift in Sources */,
				D3D34B38F48C17EE6DAB1DC2 /* SystemNotificationCenterClient.swift in Sources */,
				247BCFAF14F0E4BEDA632426 /* TimeZonePickerView.swift in Sources */,
				2480618CA768F49DF5E41F24 /* UpdateChecker.swift in Sources */,
				98048E701C6D8E9ECDD633C0 /* WidgetReload.swift in Sources */,
			);
			runOnlyForDeploymentPostprocessing = 0;
		};
/* End PBXSourcesBuildPhase section */

/* Begin PBXTargetDependency section */
		3631A87CE1DD620055B3217E /* PBXTargetDependency */ = {
			isa = PBXTargetDependency;
			target = 71E878F9181E8732800ADDC4 /* SunsetHueWidget */;
			targetProxy = 098B1C678532C46862B90A33 /* PBXContainerItemProxy */;
		};
/* End PBXTargetDependency section */

/* Begin XCBuildConfiguration section */
		34C9EBA51FF6C10822FBC2DA /* Debug */ = {
			isa = XCBuildConfiguration;
			baseConfigurationReference = 65EEC050761A055B392397E8 /* Debug.xcconfig */;
			buildSettings = {
				CODE_SIGN_ENTITLEMENTS = SunsetHueWidget/SunsetHueWidget.entitlements;
				COMBINE_HIDPI_IMAGES = YES;
				GENERATE_INFOPLIST_FILE = YES;
				INFOPLIST_FILE = SunsetHueWidget/Info.plist;
				INFOPLIST_KEY_CFBundleDisplayName = SunsetHue;
				INFOPLIST_KEY_NSHumanReadableCopyright = "Copyright © 2026 Andrew T Ryder. All rights reserved.";
				LD_RUNPATH_SEARCH_PATHS = (
					"$(inherited)",
					"@executable_path/../Frameworks",
					"@executable_path/../../../../Frameworks",
				);
				PRODUCT_BUNDLE_IDENTIFIER = com.andrewtryder.SunsetHue.Widget;
				PRODUCT_NAME = SunsetHueWidget;
				SDKROOT = macosx;
				SKIP_INSTALL = YES;
			};
			name = Debug;
		};
		CB459D5F22764CA752982BB2 /* Release */ = {
			isa = XCBuildConfiguration;
			baseConfigurationReference = FD82936D5A90D80B5FE26803 /* Release.xcconfig */;
			buildSettings = {
				ASSETCATALOG_COMPILER_APPICON_NAME = AppIcon;
				CODE_SIGN_ENTITLEMENTS = SunsetHue/SunsetHue.entitlements;
				COMBINE_HIDPI_IMAGES = YES;
				GENERATE_INFOPLIST_FILE = YES;
				INFOPLIST_FILE = SunsetHue/Info.plist;
				INFOPLIST_KEY_CFBundleDisplayName = SunsetHue;
				INFOPLIST_KEY_NSHumanReadableCopyright = "Copyright © 2026 Andrew T Ryder. All rights reserved.";
				INFOPLIST_KEY_NSLocationUsageDescription = "SunsetHue can use your current location to fill latitude, longitude, and time zone. Manual entry always remains available.";
				INFOPLIST_KEY_NSLocationWhenInUseUsageDescription = "SunsetHue can use your current location to fill latitude, longitude, and time zone. Manual entry always remains available.";
				INFOPLIST_KEY_NSPrincipalClass = NSApplication;
				LD_RUNPATH_SEARCH_PATHS = (
					"$(inherited)",
					"@executable_path/../Frameworks",
				);
				PRODUCT_BUNDLE_IDENTIFIER = com.andrewtryder.SunsetHue;
				PRODUCT_NAME = SunsetHue;
				SDKROOT = macosx;
			};
			name = Release;
		};
		D2CBDCC86BBF8A39478F61FC /* Debug */ = {
			isa = XCBuildConfiguration;
			baseConfigurationReference = 65EEC050761A055B392397E8 /* Debug.xcconfig */;
			buildSettings = {
				ASSETCATALOG_COMPILER_APPICON_NAME = AppIcon;
				CODE_SIGN_ENTITLEMENTS = SunsetHue/SunsetHue.entitlements;
				COMBINE_HIDPI_IMAGES = YES;
				GENERATE_INFOPLIST_FILE = YES;
				INFOPLIST_FILE = SunsetHue/Info.plist;
				INFOPLIST_KEY_CFBundleDisplayName = SunsetHue;
				INFOPLIST_KEY_NSHumanReadableCopyright = "Copyright © 2026 Andrew T Ryder. All rights reserved.";
				INFOPLIST_KEY_NSLocationUsageDescription = "SunsetHue can use your current location to fill latitude, longitude, and time zone. Manual entry always remains available.";
				INFOPLIST_KEY_NSLocationWhenInUseUsageDescription = "SunsetHue can use your current location to fill latitude, longitude, and time zone. Manual entry always remains available.";
				INFOPLIST_KEY_NSPrincipalClass = NSApplication;
				LD_RUNPATH_SEARCH_PATHS = (
					"$(inherited)",
					"@executable_path/../Frameworks",
				);
				PRODUCT_BUNDLE_IDENTIFIER = com.andrewtryder.SunsetHue;
				PRODUCT_NAME = SunsetHue;
				SDKROOT = macosx;
			};
			name = Debug;
		};
		D381709FDEF1DD0B61462829 /* Debug */ = {
			isa = XCBuildConfiguration;
			buildSettings = {
				ALWAYS_SEARCH_USER_PATHS = NO;
				ARCHS = "$(ARCHS_STANDARD)";
				CLANG_ANALYZER_NONNULL = YES;
				CLANG_ANALYZER_NUMBER_OBJECT_CONVERSION = YES_AGGRESSIVE;
				CLANG_CXX_LANGUAGE_STANDARD = "gnu++14";
				CLANG_CXX_LIBRARY = "libc++";
				CLANG_ENABLE_MODULES = YES;
				CLANG_ENABLE_OBJC_ARC = YES;
				CLANG_ENABLE_OBJC_WEAK = YES;
				CLANG_WARN_BLOCK_CAPTURE_AUTORELEASING = YES;
				CLANG_WARN_BOOL_CONVERSION = YES;
				CLANG_WARN_COMMA = YES;
				CLANG_WARN_CONSTANT_CONVERSION = YES;
				CLANG_WARN_DEPRECATED_OBJC_IMPLEMENTATIONS = YES;
				CLANG_WARN_DIRECT_OBJC_ISA_USAGE = YES_ERROR;
				CLANG_WARN_DOCUMENTATION_COMMENTS = YES;
				CLANG_WARN_EMPTY_BODY = YES;
				CLANG_WARN_ENUM_CONVERSION = YES;
				CLANG_WARN_INFINITE_RECURSION = YES;
				CLANG_WARN_INT_CONVERSION = YES;
				CLANG_WARN_NON_LITERAL_NULL_CONVERSION = YES;
				CLANG_WARN_OBJC_IMPLICIT_RETAIN_SELF = YES;
				CLANG_WARN_OBJC_LITERAL_CONVERSION = YES;
				CLANG_WARN_OBJC_ROOT_CLASS = YES_ERROR;
				CLANG_WARN_QUOTED_INCLUDE_IN_FRAMEWORK_HEADER = YES;
				CLANG_WARN_RANGE_LOOP_ANALYSIS = YES;
				CLANG_WARN_STRICT_PROTOTYPES = YES;
				CLANG_WARN_SUSPICIOUS_MOVE = YES;
				CLANG_WARN_UNGUARDED_AVAILABILITY = YES_AGGRESSIVE;
				CLANG_WARN_UNREACHABLE_CODE = YES;
				CLANG_WARN__DUPLICATE_METHOD_MATCH = YES;
				CODE_SIGN_STYLE = Automatic;
				COPY_PHASE_STRIP = NO;
				CURRENT_PROJECT_VERSION = 2;
				DEBUG_INFORMATION_FORMAT = dwarf;
				DEVELOPMENT_TEAM = "";
				ENABLE_STRICT_OBJC_MSGSEND = YES;
				ENABLE_TESTABILITY = YES;
				ENABLE_USER_SCRIPT_SANDBOXING = YES;
				GCC_C_LANGUAGE_STANDARD = gnu11;
				GCC_DYNAMIC_NO_PIC = NO;
				GCC_NO_COMMON_BLOCKS = YES;
				GCC_OPTIMIZATION_LEVEL = 0;
				GCC_PREPROCESSOR_DEFINITIONS = (
					"$(inherited)",
					"DEBUG=1",
				);
				GCC_WARN_64_TO_32_BIT_CONVERSION = YES;
				GCC_WARN_ABOUT_RETURN_TYPE = YES_ERROR;
				GCC_WARN_UNDECLARED_SELECTOR = YES;
				GCC_WARN_UNINITIALIZED_AUTOS = YES_AGGRESSIVE;
				GCC_WARN_UNUSED_FUNCTION = YES;
				GCC_WARN_UNUSED_VARIABLE = YES;
				MACOSX_DEPLOYMENT_TARGET = 15.0;
				MARKETING_VERSION = 1.1.0;
				MTL_ENABLE_DEBUG_INFO = INCLUDE_SOURCE;
				MTL_FAST_MATH = YES;
				ONLY_ACTIVE_ARCH = YES;
				PRODUCT_NAME = "$(TARGET_NAME)";
				SDKROOT = macosx;
				SWIFT_ACTIVE_COMPILATION_CONDITIONS = DEBUG;
				SWIFT_OPTIMIZATION_LEVEL = "-Onone";
				SWIFT_STRICT_CONCURRENCY = complete;
				SWIFT_UPCOMING_FEATURE_CONCISE_MAGIC_FILE = YES;
				SWIFT_VERSION = 5.0;
			};
			name = Debug;
		};
		D5E64B3B294B1D159DF1B16F /* Release */ = {
			isa = XCBuildConfiguration;
			baseConfigurationReference = FD82936D5A90D80B5FE26803 /* Release.xcconfig */;
			buildSettings = {
				CODE_SIGN_ENTITLEMENTS = SunsetHueWidget/SunsetHueWidget.entitlements;
				COMBINE_HIDPI_IMAGES = YES;
				GENERATE_INFOPLIST_FILE = YES;
				INFOPLIST_FILE = SunsetHueWidget/Info.plist;
				INFOPLIST_KEY_CFBundleDisplayName = SunsetHue;
				INFOPLIST_KEY_NSHumanReadableCopyright = "Copyright © 2026 Andrew T Ryder. All rights reserved.";
				LD_RUNPATH_SEARCH_PATHS = (
					"$(inherited)",
					"@executable_path/../Frameworks",
					"@executable_path/../../../../Frameworks",
				);
				PRODUCT_BUNDLE_IDENTIFIER = com.andrewtryder.SunsetHue.Widget;
				PRODUCT_NAME = SunsetHueWidget;
				SDKROOT = macosx;
				SKIP_INSTALL = YES;
			};
			name = Release;
		};
		DCFF027B6FFA0BEF33B7F78E /* Release */ = {
			isa = XCBuildConfiguration;
			buildSettings = {
				ALWAYS_SEARCH_USER_PATHS = NO;
				ARCHS = "$(ARCHS_STANDARD)";
				CLANG_ANALYZER_NONNULL = YES;
				CLANG_ANALYZER_NUMBER_OBJECT_CONVERSION = YES_AGGRESSIVE;
				CLANG_CXX_LANGUAGE_STANDARD = "gnu++14";
				CLANG_CXX_LIBRARY = "libc++";
				CLANG_ENABLE_MODULES = YES;
				CLANG_ENABLE_OBJC_ARC = YES;
				CLANG_ENABLE_OBJC_WEAK = YES;
				CLANG_WARN_BLOCK_CAPTURE_AUTORELEASING = YES;
				CLANG_WARN_BOOL_CONVERSION = YES;
				CLANG_WARN_COMMA = YES;
				CLANG_WARN_CONSTANT_CONVERSION = YES;
				CLANG_WARN_DEPRECATED_OBJC_IMPLEMENTATIONS = YES;
				CLANG_WARN_DIRECT_OBJC_ISA_USAGE = YES_ERROR;
				CLANG_WARN_DOCUMENTATION_COMMENTS = YES;
				CLANG_WARN_EMPTY_BODY = YES;
				CLANG_WARN_ENUM_CONVERSION = YES;
				CLANG_WARN_INFINITE_RECURSION = YES;
				CLANG_WARN_INT_CONVERSION = YES;
				CLANG_WARN_NON_LITERAL_NULL_CONVERSION = YES;
				CLANG_WARN_OBJC_IMPLICIT_RETAIN_SELF = YES;
				CLANG_WARN_OBJC_LITERAL_CONVERSION = YES;
				CLANG_WARN_OBJC_ROOT_CLASS = YES_ERROR;
				CLANG_WARN_QUOTED_INCLUDE_IN_FRAMEWORK_HEADER = YES;
				CLANG_WARN_RANGE_LOOP_ANALYSIS = YES;
				CLANG_WARN_STRICT_PROTOTYPES = YES;
				CLANG_WARN_SUSPICIOUS_MOVE = YES;
				CLANG_WARN_UNGUARDED_AVAILABILITY = YES_AGGRESSIVE;
				CLANG_WARN_UNREACHABLE_CODE = YES;
				CLANG_WARN__DUPLICATE_METHOD_MATCH = YES;
				CODE_SIGN_STYLE = Automatic;
				COPY_PHASE_STRIP = NO;
				CURRENT_PROJECT_VERSION = 2;
				DEBUG_INFORMATION_FORMAT = "dwarf-with-dsym";
				DEVELOPMENT_TEAM = "";
				ENABLE_NS_ASSERTIONS = NO;
				ENABLE_STRICT_OBJC_MSGSEND = YES;
				ENABLE_USER_SCRIPT_SANDBOXING = YES;
				GCC_C_LANGUAGE_STANDARD = gnu11;
				GCC_NO_COMMON_BLOCKS = YES;
				GCC_WARN_64_TO_32_BIT_CONVERSION = YES;
				GCC_WARN_ABOUT_RETURN_TYPE = YES_ERROR;
				GCC_WARN_UNDECLARED_SELECTOR = YES;
				GCC_WARN_UNINITIALIZED_AUTOS = YES_AGGRESSIVE;
				GCC_WARN_UNUSED_FUNCTION = YES;
				GCC_WARN_UNUSED_VARIABLE = YES;
				MACOSX_DEPLOYMENT_TARGET = 15.0;
				MARKETING_VERSION = 1.1.0;
				MTL_ENABLE_DEBUG_INFO = NO;
				MTL_FAST_MATH = YES;
				ONLY_ACTIVE_ARCH = NO;
				PRODUCT_NAME = "$(TARGET_NAME)";
				SDKROOT = macosx;
				SWIFT_COMPILATION_MODE = wholemodule;
				SWIFT_OPTIMIZATION_LEVEL = "-O";
				SWIFT_STRICT_CONCURRENCY = complete;
				SWIFT_UPCOMING_FEATURE_CONCISE_MAGIC_FILE = YES;
				SWIFT_VERSION = 5.0;
			};
			name = Release;
		};
/* End XCBuildConfiguration section */

/* Begin XCConfigurationList section */
		5F1A9136C8596285EC20577A /* Build configuration list for PBXNativeTarget "SunsetHue" */ = {
			isa = XCConfigurationList;
			buildConfigurations = (
				D2CBDCC86BBF8A39478F61FC /* Debug */,
				CB459D5F22764CA752982BB2 /* Release */,
			);
			defaultConfigurationIsVisible = 0;
			defaultConfigurationName = Debug;
		};
		5F54144A642390AD7F6888F2 /* Build configuration list for PBXProject "SunsetHue" */ = {
			isa = XCConfigurationList;
			buildConfigurations = (
				D381709FDEF1DD0B61462829 /* Debug */,
				DCFF027B6FFA0BEF33B7F78E /* Release */,
			);
			defaultConfigurationIsVisible = 0;
			defaultConfigurationName = Debug;
		};
		63F35C0A44D1CC2495AEF4AA /* Build configuration list for PBXNativeTarget "SunsetHueWidget" */ = {
			isa = XCConfigurationList;
			buildConfigurations = (
				34C9EBA51FF6C10822FBC2DA /* Debug */,
				D5E64B3B294B1D159DF1B16F /* Release */,
			);
			defaultConfigurationIsVisible = 0;
			defaultConfigurationName = Debug;
		};
/* End XCConfigurationList section */

/* Begin XCLocalSwiftPackageReference section */
		7201DA891F430BC64CE1F96A /* XCLocalSwiftPackageReference "." */ = {
			isa = XCLocalSwiftPackageReference;
			relativePath = .;
		};
/* End XCLocalSwiftPackageReference section */

/* Begin XCSwiftPackageProductDependency section */
		10C60963C95E03499F710C0F /* SunsetHueCore */ = {
			isa = XCSwiftPackageProductDependency;
			productName = SunsetHueCore;
		};
		C6D5D9CD20835ED55C167C4F /* SunsetHueCore */ = {
			isa = XCSwiftPackageProductDependency;
			productName = SunsetHueCore;
		};
/* End XCSwiftPackageProductDependency section */
	};
	rootObject = 1BC9B33DE54F914794C56DC6 /* Project object */;
}
